
Microsoft Visual Studio Solution File, Format Version 12.00
# Visual Studio Version 17
VisualStudioVersion = 17.14.36310.24 d17.14
MinimumVisualStudioVersion = 10.0.40219.1
Project("{FAE04EC0-301F-11D3-BF4B-00C04F79EFBC}") = "EstruturaRepetitivaFor", "EstruturaRepetitivaFor\EstruturaRepetitivaFor.csproj", "{EEFBF105-8F32-4C59-8F04-A828D0DC770B}"
EndProject
Global
	GlobalSection(SolutionConfigurationPlatforms) = preSolution
		Debug|Any CPU = Debug|Any CPU
		Release|Any CPU = Release|Any CPU
	EndGlobalSection
	GlobalSection(ProjectConfigurationPlatforms) = postSolution
		{EEFBF105-8F32-4C59-8F04-A828D0DC770B}.Debug|Any CPU.ActiveCfg = Debug|Any CPU
		{EEFBF105-8F32-4C59-8F04-A828D0DC770B}.Debug|Any CPU.Build.0 = Debug|Any CPU
		{EEFBF105-8F32-4C59-8F04-A828D0DC770B}.Release|Any CPU.ActiveCfg = Release|Any CPU
		{EEFBF105-8F32-4C59-8F04-A828D0DC770B}.Release|Any CPU.Build.0 = Release|Any CPU
	EndGlobalSection
	GlobalSection(SolutionProperties) = preSolution
		HideSolutionNode = FALSE
	EndGlobalSection
	GlobalSection(ExtensibilityGlobals) = postSolution
		SolutionGuid = {A64FF4B9-63AF-4023-9DE6-C76131B19F8B}
	EndGlobalSection
EndGlobal
