
Microsoft Visual Studio Solution File, Format Version 12.00
# Visual Studio Version 17
VisualStudioVersion = 17.14.36310.24 d17.14
MinimumVisualStudioVersion = 10.0.40219.1
Project("{FAE04EC0-301F-11D3-BF4B-00C04F79EFBC}") = "ApiBoletos", "ApiBoletos\ApiBoletos.csproj", "{35626904-7E99-4D4E-8BB9-7F711C3DB60C}"
EndProject
Global
	GlobalSection(SolutionConfigurationPlatforms) = preSolution
		Debug|Any CPU = Debug|Any CPU
		Release|Any CPU = Release|Any CPU
	EndGlobalSection
	GlobalSection(ProjectConfigurationPlatforms) = postSolution
		{35626904-7E99-4D4E-8BB9-7F711C3DB60C}.Debug|Any CPU.ActiveCfg = Debug|Any CPU
		{35626904-7E99-4D4E-8BB9-7F711C3DB60C}.Debug|Any CPU.Build.0 = Debug|Any CPU
		{35626904-7E99-4D4E-8BB9-7F711C3DB60C}.Release|Any CPU.ActiveCfg = Release|Any CPU
		{35626904-7E99-4D4E-8BB9-7F711C3DB60C}.Release|Any CPU.Build.0 = Release|Any CPU
	EndGlobalSection
	GlobalSection(SolutionProperties) = preSolution
		HideSolutionNode = FALSE
	EndGlobalSection
	GlobalSection(ExtensibilityGlobals) = postSolution
		SolutionGuid = {52354E78-5CEB-4BCE-859F-03B709B676B0}
	EndGlobalSection
EndGlobal
